
Microsoft Visual Studio Solution File, Format Version 12.00
# Visual Studio Version 17
VisualStudioVersion = 17.3.32901.215
MinimumVisualStudioVersion = 10.0.40219.1
Project("{9A19103F-16F7-4668-BE54-9A1E7A4F7556}") = "CFRG.DocGenFunctionApp", "CFRG.DocGenFunctionApp\CFRG.DocGenFunctionApp.csproj", "{F8E30211-DB03-4F6E-B0FF-47196A2B63EC}"
EndProject
Global
	GlobalSection(SolutionConfigurationPlatforms) = preSolution
		Debug|Any CPU = Debug|Any CPU
		Release|Any CPU = Release|Any CPU
	EndGlobalSection
	GlobalSection(ProjectConfigurationPlatforms) = postSolution
		{F8E30211-DB03-4F6E-B0FF-47196A2B63EC}.Debug|Any CPU.ActiveCfg = Debug|Any CPU
		{F8E30211-DB03-4F6E-B0FF-47196A2B63EC}.Debug|Any CPU.Build.0 = Debug|Any CPU
		{F8E30211-DB03-4F6E-B0FF-47196A2B63EC}.Release|Any CPU.ActiveCfg = Release|Any CPU
		{F8E30211-DB03-4F6E-B0FF-47196A2B63EC}.Release|Any CPU.Build.0 = Release|Any CPU
	EndGlobalSection
	GlobalSection(SolutionProperties) = preSolution
		HideSolutionNode = FALSE
	EndGlobalSection
	GlobalSection(ExtensibilityGlobals) = postSolution
		SolutionGuid = {F4802E0A-7E53-42B8-ABA8-8399DEE34C9F}
	EndGlobalSection
EndGlobal
